// !$*UTF8*$!
{
	archiveVersion = 1;
	classes = {
	};
	objectVersion = 46;
	objects = {

/* Begin PBXBuildFile section */
		0A50EC8FC4426BF65A97A313 /* libPods.a in Frameworks */ = {isa = PBXBuildFile; fileRef = BA0915BE8E894B8797E82B12 /* libPods.a */; };
		6A7053271B637A0000FA5D8F /* mov1.mov in Resources */ = {isa = PBXBuildFile; fileRef = 6A7053251B637A0000FA5D8F /* mov1.mov */; };
		6A7053281B637A0000FA5D8F /* mov2.mov in Resources */ = {isa = PBXBuildFile; fileRef = 6A7053261B637A0000FA5D8F /* mov2.mov */; };
		6A8C2EDB1B270ED10029E1C6 /* AppDelegate.swift in Sources */ = {isa = PBXBuildFile; fileRef = 6A8C2EDA1B270ED10029E1C6 /* AppDelegate.swift */; };
		6A8C2EDD1B270ED10029E1C6 /* ViewController.swift in Sources */ = {isa = PBXBuildFile; fileRef = 6A8C2EDC1B270ED10029E1C6 /* ViewController.swift */; };
		6A8C2EE01B270ED10029E1C6 /* Main.storyboard in Resources */ = {isa = PBXBuildFile; fileRef = 6A8C2EDE1B270ED10029E1C6 /* Main.storyboard */; };
		6A8C2EE21B270ED10029E1C6 /* Images.xcassets in Resources */ = {isa = PBXBuildFile; fileRef = 6A8C2EE11B270ED10029E1C6 /* Images.xcassets */; };
		6A8C2EE51B270ED10029E1C6 /* LaunchScreen.xib in Resources */ = {isa = PBXBuildFile; fileRef = 6A8C2EE31B270ED10029E1C6 /* LaunchScreen.xib */; };
		6A8C2EF11B270ED20029E1C6 /* Testing_AppTests.swift in Sources */ = {isa = PBXBuildFile; fileRef = 6A8C2EF01B270ED20029E1C6 /* Testing_AppTests.swift */; };
/* End PBXBuildFile section */

/* Begin PBXContainerItemProxy section */
		6A8C2EEB1B270ED20029E1C6 /* PBXContainerItemProxy */ = {
			isa = PBXContainerItemProxy;
			containerPortal = 6A8C2ECD1B270ED00029E1C6 /* Project object */;
			proxyType = 1;
			remoteGlobalIDString = 6A8C2ED41B270ED00029E1C6;
			remoteInfo = "Testing App";
		};
/* End PBXContainerItemProxy section */

/* Begin PBXFileReference section */
		55EB60234F9BE9818B1FAA24 /* Pods.release.xcconfig */ = {isa = PBXFileReference; includeInIndex = 1; lastKnownFileType = text.xcconfig; name = Pods.release.xcconfig; path = "Pods/Target Support Files/Pods/Pods.release.xcconfig"; sourceTree = "<group>"; };
		6A7053251B637A0000FA5D8F /* mov1.mov */ = {isa = PBXFileReference; lastKnownFileType = video.quicktime; path = mov1.mov; sourceTree = "<group>"; };
		6A7053261B637A0000FA5D8F /* mov2.mov */ = {isa = PBXFileReference; lastKnownFileType = video.quicktime; path = mov2.mov; sourceTree = "<group>"; };
		6A71B9E81B47B43800272AB3 /* Testing App-Bridging-Header.h */ = {isa = PBXFileReference; lastKnownFileType = sourcecode.c.h; path = "Testing App-Bridging-Header.h"; sourceTree = "<group>"; };
		6A8C2ED51B270ED00029E1C6 /* Testing App.app */ = {isa = PBXFileReference; explicitFileType = wrapper.application; includeInIndex = 0; path = "Testing App.app"; sourceTree = BUILT_PRODUCTS_DIR; };
		6A8C2ED91B270ED10029E1C6 /* Info.plist */ = {isa = PBXFileReference; lastKnownFileType = text.plist.xml; path = Info.plist; sourceTree = "<group>"; };
		6A8C2EDA1B270ED10029E1C6 /* AppDelegate.swift */ = {isa = PBXFileReference; lastKnownFileType = sourcecode.swift; path = AppDelegate.swift; sourceTree = "<group>"; };
		6A8C2EDC1B270ED10029E1C6 /* ViewController.swift */ = {isa = PBXFileReference; lastKnownFileType = sourcecode.swift; path = ViewController.swift; sourceTree = "<group>"; };
		6A8C2EDF1B270ED10029E1C6 /* Base */ = {isa = PBXFileReference; lastKnownFileType = file.storyboard; name = Base; path = Base.lproj/Main.storyboard; sourceTree = "<group>"; };
		6A8C2EE11B270ED10029E1C6 /* Images.xcassets */ = {isa = PBXFileReference; lastKnownFileType = folder.assetcatalog; path = Images.xcassets; sourceTree = "<group>"; };
		6A8C2EE41B270ED10029E1C6 /* Base */ = {isa = PBXFileReference; lastKnownFileType = file.xib; name = Base; path = Base.lproj/LaunchScreen.xib; sourceTree = "<group>"; };
		6A8C2EEA1B270ED20029E1C6 /* Testing AppTests.xctest */ = {isa = PBXFileReference; explicitFileType = wrapper.cfbundle; includeInIndex = 0; path = "Testing AppTests.xctest"; sourceTree = BUILT_PRODUCTS_DIR; };
		6A8C2EEF1B270ED20029E1C6 /* Info.plist */ = {isa = PBXFileReference; lastKnownFileType = text.plist.xml; path = Info.plist; sourceTree = "<group>"; };
		6A8C2EF01B270ED20029E1C6 /* Testing_AppTests.swift */ = {isa = PBXFileReference; lastKnownFileType = sourcecode.swift; path = Testing_AppTests.swift; sourceTree = "<group>"; };
		A91F46556D081A5CA1736830 /* Pods.debug.xcconfig */ = {isa = PBXFileReference; includeInIndex = 1; lastKnownFileType = text.xcconfig; name = Pods.debug.xcconfig; path = "Pods/Target Support Files/Pods/Pods.debug.xcconfig"; sourceTree = "<group>"; };
		BA0915BE8E894B8797E82B12 /* libPods.a */ = {isa = PBXFileReference; explicitFileType = archive.ar; includeInIndex = 0; path = libPods.a; sourceTree = BUILT_PRODUCTS_DIR; };
/* End PBXFileReference section */

/* Begin PBXFrameworksBuildPhase section */
		6A8C2ED21B270ED00029E1C6 /* Frameworks */ = {
			isa = PBXFrameworksBuildPhase;
			buildActionMask = 2147483647;
			files = (
				0A50EC8FC4426BF65A97A313 /* libPods.a in Frameworks */,
			);
			runOnlyForDeploymentPostprocessing = 0;
		};
		6A8C2EE71B270ED20029E1C6 /* Frameworks */ = {
			isa = PBXFrameworksBuildPhase;
			buildActionMask = 2147483647;
			files = (
			);
			runOnlyForDeploymentPostprocessing = 0;
		};
/* End PBXFrameworksBuildPhase section */

/* Begin PBXGroup section */
		6A8C2ECC1B270ED00029E1C6 = {
			isa = PBXGroup;
			children = (
				6A8C2ED71B270ED00029E1C6 /* Testing App */,
				6A8C2EED1B270ED20029E1C6 /* Testing AppTests */,
				6A8C2ED61B270ED00029E1C6 /* Products */,
				C8292389083D9B2E7DDCC575 /* Pods */,
				CFDA0B73AB2AE4011D3C771D /* Frameworks */,
			);
			sourceTree = "<group>";
		};
		6A8C2ED61B270ED00029E1C6 /* Products */ = {
			isa = PBXGroup;
			children = (
				6A8C2ED51B270ED00029E1C6 /* Testing App.app */,
				6A8C2EEA1B270ED20029E1C6 /* Testing AppTests.xctest */,
			);
			name = Products;
			sourceTree = "<group>";
		};
		6A8C2ED71B270ED00029E1C6 /* Testing App */ = {
			isa = PBXGroup;
			children = (
				6A8C2EDA1B270ED10029E1C6 /* AppDelegate.swift */,
				6A8C2EDC1B270ED10029E1C6 /* ViewController.swift */,
				6A8C2EDE1B270ED10029E1C6 /* Main.storyboard */,
				6A8C2EE11B270ED10029E1C6 /* Images.xcassets */,
				6A8C2EE31B270ED10029E1C6 /* LaunchScreen.xib */,
				6A7053251B637A0000FA5D8F /* mov1.mov */,
				6A7053261B637A0000FA5D8F /* mov2.mov */,
				6A8C2ED81B270ED00029E1C6 /* Supporting Files */,
				6A71B9E81B47B43800272AB3 /* Testing App-Bridging-Header.h */,
			);
			path = "Testing App";
			sourceTree = "<group>";
		};
		6A8C2ED81B270ED00029E1C6 /* Supporting Files */ = {
			isa = PBXGroup;
			children = (
				6A8C2ED91B270ED10029E1C6 /* Info.plist */,
			);
			name = "Supporting Files";
			sourceTree = "<group>";
		};
		6A8C2EED1B270ED20029E1C6 /* Testing AppTests */ = {
			isa = PBXGroup;
			children = (
				6A8C2EF01B270ED20029E1C6 /* Testing_AppTests.swift */,
				6A8C2EEE1B270ED20029E1C6 /* Supporting Files */,
			);
			path = "Testing AppTests";
			sourceTree = "<group>";
		};
		6A8C2EEE1B270ED20029E1C6 /* Supporting Files */ = {
			isa = PBXGroup;
			children = (
				6A8C2EEF1B270ED20029E1C6 /* Info.plist */,
			);
			name = "Supporting Files";
			sourceTree = "<group>";
		};
		C8292389083D9B2E7DDCC575 /* Pods */ = {
			isa = PBXGroup;
			children = (
				A91F46556D081A5CA1736830 /* Pods.debug.xcconfig */,
				55EB60234F9BE9818B1FAA24 /* Pods.release.xcconfig */,
			);
			name = Pods;
			sourceTree = "<group>";
		};
		CFDA0B73AB2AE4011D3C771D /* Frameworks */ = {
			isa = PBXGroup;
			children = (
				BA0915BE8E894B8797E82B12 /* libPods.a */,
			);
			name = Frameworks;
			sourceTree = "<group>";
		};
/* End PBXGroup section */

/* Begin PBXNativeTarget section */
		6A8C2ED41B270ED00029E1C6 /* Testing App */ = {
			isa = PBXNativeTarget;
			buildConfigurationList = 6A8C2EF41B270ED20029E1C6 /* Build configuration list for PBXNativeTarget "Testing App" */;
			buildPhases = (
				0BDAD7E94659DC03B5DA89E5 /* Check Pods Manifest.lock */,
				6A8C2ED11B270ED00029E1C6 /* Sources */,
				6A8C2ED21B270ED00029E1C6 /* Frameworks */,
				6A8C2ED31B270ED00029E1C6 /* Resources */,
				24E21FE171E363FEC4EA500D /* Copy Pods Resources */,
			);
			buildRules = (
			);
			dependencies = (
			);
			name = "Testing App";
			productName = "Testing App";
			productReference = 6A8C2ED51B270ED00029E1C6 /* Testing App.app */;
			productType = "com.apple.product-type.application";
		};
		6A8C2EE91B270ED20029E1C6 /* Testing AppTests */ = {
			isa = PBXNativeTarget;
			buildConfigurationList = 6A8C2EF71B270ED20029E1C6 /* Build configuration list for PBXNativeTarget "Testing AppTests" */;
			buildPhases = (
				6A8C2EE61B270ED20029E1C6 /* Sources */,
				6A8C2EE71B270ED20029E1C6 /* Frameworks */,
				6A8C2EE81B270ED20029E1C6 /* Resources */,
			);
			buildRules = (
			);
			dependencies = (
				6A8C2EEC1B270ED20029E1C6 /* PBXTargetDependency */,
			);
			name = "Testing AppTests";
			productName = "Testing AppTests";
			productReference = 6A8C2EEA1B270ED20029E1C6 /* Testing AppTests.xctest */;
			productType = "com.apple.product-type.bundle.unit-test";
		};
/* End PBXNativeTarget section */

/* Begin PBXProject section */
		6A8C2ECD1B270ED00029E1C6 /* Project object */ = {
			isa = PBXProject;
			attributes = {
				LastUpgradeCheck = 0630;
				ORGANIZATIONNAME = "Thought Chimp";
				TargetAttributes = {
					6A8C2ED41B270ED00029E1C6 = {
						CreatedOnToolsVersion = 6.3.2;
					};
					6A8C2EE91B270ED20029E1C6 = {
						CreatedOnToolsVersion = 6.3.2;
						TestTargetID = 6A8C2ED41B270ED00029E1C6;
					};
				};
			};
			buildConfigurationList = 6A8C2ED01B270ED00029E1C6 /* Build configuration list for PBXProject "Testing App" */;
			compatibilityVersion = "Xcode 3.2";
			developmentRegion = English;
			hasScannedForEncodings = 0;
			knownRegions = (
				en,
				Base,
			);
			mainGroup = 6A8C2ECC1B270ED00029E1C6;
			productRefGroup = 6A8C2ED61B270ED00029E1C6 /* Products */;
			projectDirPath = "";
			projectRoot = "";
			targets = (
				6A8C2ED41B270ED00029E1C6 /* Testing App */,
				6A8C2EE91B270ED20029E1C6 /* Testing AppTests */,
			);
		};
/* End PBXProject section */

/* Begin PBXResourcesBuildPhase section */
		6A8C2ED31B270ED00029E1C6 /* Resources */ = {
			isa = PBXResourcesBuildPhase;
			buildActionMask = 2147483647;
			files = (
				6A7053281B637A0000FA5D8F /* mov2.mov in Resources */,
				6A7053271B637A0000FA5D8F /* mov1.mov in Resources */,
				6A8C2EE01B270ED10029E1C6 /* Main.storyboard in Resources */,
				6A8C2EE51B270ED10029E1C6 /* LaunchScreen.xib in Resources */,
				6A8C2EE21B270ED10029E1C6 /* Images.xcassets in Resources */,
			);
			runOnlyForDeploymentPostprocessing = 0;
		};
		6A8C2EE81B270ED20029E1C6 /* Resources */ = {
			isa = PBXResourcesBuildPhase;
			buildActionMask = 2147483647;
			files = (
			);
			runOnlyForDeploymentPostprocessing = 0;
		};
/* End PBXResourcesBuildPhase section */

/* Begin PBXShellScriptBuildPhase section */
		0BDAD7E94659DC03B5DA89E5 /* Check Pods Manifest.lock */ = {
			isa = PBXShellScriptBuildPhase;
			buildActionMask = 2147483647;
			files = (
			);
			inputPaths = (
			);
			name = "Check Pods Manifest.lock";
			outputPaths = (
			);
			runOnlyForDeploymentPostprocessing = 0;
			shellPath = /bin/sh;
			shellScript = "diff \"${PODS_ROOT}/../Podfile.lock\" \"${PODS_ROOT}/Manifest.lock\" > /dev/null\nif [[ $? != 0 ]] ; then\n    cat << EOM\nerror: The sandbox is not in sync with the Podfile.lock. Run 'pod install' or update your CocoaPods installation.\nEOM\n    exit 1\nfi\n";
			showEnvVarsInLog = 0;
		};
		24E21FE171E363FEC4EA500D /* Copy Pods Resources */ = {
			isa = PBXShellScriptBuildPhase;
			buildActionMask = 2147483647;
			files = (
			);
			inputPaths = (
			);
			name = "Copy Pods Resources";
			outputPaths = (
			);
			runOnlyForDeploymentPostprocessing = 0;
			shellPath = /bin/sh;
			shellScript = "\"${SRCROOT}/Pods/Target Support Files/Pods/Pods-resources.sh\"\n";
			showEnvVarsInLog = 0;
		};
/* End PBXShellScriptBuildPhase section */

/* Begin PBXSourcesBuildPhase section */
		6A8C2ED11B270ED00029E1C6 /* Sources */ = {
			isa = PBXSourcesBuildPhase;
			buildActionMask = 2147483647;
			files = (
				6A8C2EDD1B270ED10029E1C6 /* ViewController.swift in Sources */,
				6A8C2EDB1B270ED10029E1C6 /* AppDelegate.swift in Sources */,
			);
			runOnlyForDeploymentPostprocessing = 0;
		};
		6A8C2EE61B270ED20029E1C6 /* Sources */ = {
			isa = PBXSourcesBuildPhase;
			buildActionMask = 2147483647;
			files = (
				6A8C2EF11B270ED20029E1C6 /* Testing_AppTests.swift in Sources */,
			);
			runOnlyForDeploymentPostprocessing = 0;
		};
/* End PBXSourcesBuildPhase section */

/* Begin PBXTargetDependency section */
		6A8C2EEC1B270ED20029E1C6 /* PBXTargetDependency */ = {
			isa = PBXTargetDependency;
			target = 6A8C2ED41B270ED00029E1C6 /* Testing App */;
			targetProxy = 6A8C2EEB1B270ED20029E1C6 /* PBXContainerItemProxy */;
		};
/* End PBXTargetDependency section */

/* Begin PBXVariantGroup section */
		6A8C2EDE1B270ED10029E1C6 /* Main.storyboard */ = {
			isa = PBXVariantGroup;
			children = (
				6A8C2EDF1B270ED10029E1C6 /* Base */,
			);
			name = Main.storyboard;
			sourceTree = "<group>";
		};
		6A8C2EE31B270ED10029E1C6 /* LaunchScreen.xib */ = {
			isa = PBXVariantGroup;
			children = (
				6A8C2EE41B270ED10029E1C6 /* Base */,
			);
			name = LaunchScreen.xib;
			sourceTree = "<group>";
		};
/* End PBXVariantGroup section */

/* Begin XCBuildConfiguration section */
		6A8C2EF21B270ED20029E1C6 /* Debug */ = {
			isa = XCBuildConfiguration;
			buildSettings = {
				ALWAYS_SEARCH_USER_PATHS = NO;
				CLANG_CXX_LANGUAGE_STANDARD = "gnu++0x";
				CLANG_CXX_LIBRARY = "libc++";
				CLANG_ENABLE_MODULES = YES;
				CLANG_ENABLE_OBJC_ARC = YES;
				CLANG_WARN_BOOL_CONVERSION = YES;
				CLANG_WARN_CONSTANT_CONVERSION = YES;
				CLANG_WARN_DIRECT_OBJC_ISA_USAGE = YES_ERROR;
				CLANG_WARN_EMPTY_BODY = YES;
				CLANG_WARN_ENUM_CONVERSION = YES;
				CLANG_WARN_INT_CONVERSION = YES;
				CLANG_WARN_OBJC_ROOT_CLASS = YES_ERROR;
				CLANG_WARN_UNREACHABLE_CODE = YES;
				CLANG_WARN__DUPLICATE_METHOD_MATCH = YES;
				"CODE_SIGN_IDENTITY[sdk=iphoneos*]" = "iPhone Developer";
				COPY_PHASE_STRIP = NO;
				DEBUG_INFORMATION_FORMAT = "dwarf-with-dsym";
				ENABLE_STRICT_OBJC_MSGSEND = YES;
				GCC_C_LANGUAGE_STANDARD = gnu99;
				GCC_DYNAMIC_NO_PIC = NO;
				GCC_NO_COMMON_BLOCKS = YES;
				GCC_OPTIMIZATION_LEVEL = 0;
				GCC_PREPROCESSOR_DEFINITIONS = (
					"DEBUG=1",
					"$(inherited)",
				);
				GCC_SYMBOLS_PRIVATE_EXTERN = NO;
				GCC_WARN_64_TO_32_BIT_CONVERSION = YES;
				GCC_WARN_ABOUT_RETURN_TYPE = YES_ERROR;
				GCC_WARN_UNDECLARED_SELECTOR = YES;
				GCC_WARN_UNINITIALIZED_AUTOS = YES_AGGRESSIVE;
				GCC_WARN_UNUSED_FUNCTION = YES;
				GCC_WARN_UNUSED_VARIABLE = YES;
				IPHONEOS_DEPLOYMENT_TARGET = 8.3;
				MTL_ENABLE_DEBUG_INFO = YES;
				ONLY_ACTIVE_ARCH = YES;
				SDKROOT = iphoneos;
				SWIFT_OPTIMIZATION_LEVEL = "-Onone";
			};
			name = Debug;
		};
		6A8C2EF31B270ED20029E1C6 /* Release */ = {
			isa = XCBuildConfiguration;
			buildSettings = {
				ALWAYS_SEARCH_USER_PATHS = NO;
				CLANG_CXX_LANGUAGE_STANDARD = "gnu++0x";
				CLANG_CXX_LIBRARY = "libc++";
				CLANG_ENABLE_MODULES = YES;
				CLANG_ENABLE_OBJC_ARC = YES;
				CLANG_WARN_BOOL_CONVERSION = YES;
				CLANG_WARN_CONSTANT_CONVERSION = YES;
				CLANG_WARN_DIRECT_OBJC_ISA_USAGE = YES_ERROR;
				CLANG_WARN_EMPTY_BODY = YES;
				CLANG_WARN_ENUM_CONVERSION = YES;
				CLANG_WARN_INT_CONVERSION = YES;
				CLANG_WARN_OBJC_ROOT_CLASS = YES_ERROR;
				CLANG_WARN_UNREACHABLE_CODE = YES;
				CLANG_WARN__DUPLICATE_METHOD_MATCH = YES;
				"CODE_SIGN_IDENTITY[sdk=iphoneos*]" = "iPhone Developer";
				COPY_PHASE_STRIP = NO;
				DEBUG_INFORMATION_FORMAT = "dwarf-with-dsym";
				ENABLE_NS_ASSERTIONS = NO;
				ENABLE_STRICT_OBJC_MSGSEND = YES;
				GCC_C_LANGUAGE_STANDARD = gnu99;
				GCC_NO_COMMON_BLOCKS = YES;
				GCC_WARN_64_TO_32_BIT_CONVERSION = YES;
				GCC_WARN_ABOUT_RETURN_TYPE = YES_ERROR;
				GCC_WARN_UNDECLARED_SELECTOR = YES;
				GCC_WARN_UNINITIALIZED_AUTOS = YES_AGGRESSIVE;
				GCC_WARN_UNUSED_FUNCTION = YES;
				GCC_WARN_UNUSED_VARIABLE = YES;
				IPHONEOS_DEPLOYMENT_TARGET = 8.3;
				MTL_ENABLE_DEBUG_INFO = NO;
				SDKROOT = iphoneos;
				VALIDATE_PRODUCT = YES;
			};
			name = Release;
		};
		6A8C2EF51B270ED20029E1C6 /* Debug */ = {
			isa = XCBuildConfiguration;
			baseConfigurationReference = A91F46556D081A5CA1736830 /* Pods.debug.xcconfig */;
			buildSettings = {
				ASSETCATALOG_COMPILER_APPICON_NAME = AppIcon;
				CLANG_ENABLE_MODULES = YES;
				INFOPLIST_FILE = "Testing App/Info.plist";
				LD_RUNPATH_SEARCH_PATHS = "$(inherited) @executable_path/Frameworks";
				PRODUCT_NAME = "$(TARGET_NAME)";
				SWIFT_OBJC_BRIDGING_HEADER = "Testing App/Testing App-Bridging-Header.h";
				SWIFT_OPTIMIZATION_LEVEL = "-Onone";
			};
			name = Debug;
		};
		6A8C2EF61B270ED20029E1C6 /* Release */ = {
			isa = XCBuildConfiguration;
			baseConfigurationReference = 55EB60234F9BE9818B1FAA24 /* Pods.release.xcconfig */;
			buildSettings = {
				ASSETCATALOG_COMPILER_APPICON_NAME = AppIcon;
				CLANG_ENABLE_MODULES = YES;
				INFOPLIST_FILE = "Testing App/Info.plist";
				LD_RUNPATH_SEARCH_PATHS = "$(inherited) @executable_path/Frameworks";
				PRODUCT_NAME = "$(TARGET_NAME)";
				SWIFT_OBJC_BRIDGING_HEADER = "Testing App/Testing App-Bridging-Header.h";
			};
			name = Release;
		};
		6A8C2EF81B270ED20029E1C6 /* Debug */ = {
			isa = XCBuildConfiguration;
			buildSettings = {
				BUNDLE_LOADER = "$(TEST_HOST)";
				FRAMEWORK_SEARCH_PATHS = (
					"$(SDKROOT)/Developer/Library/Frameworks",
					"$(inherited)",
				);
				GCC_PREPROCESSOR_DEFINITIONS = (
					"DEBUG=1",
					"$(inherited)",
				);
				INFOPLIST_FILE = "Testing AppTests/Info.plist";
				LD_RUNPATH_SEARCH_PATHS = "$(inherited) @executable_path/Frameworks @loader_path/Frameworks";
				PRODUCT_NAME = "$(TARGET_NAME)";
				TEST_HOST = "$(BUILT_PRODUCTS_DIR)/Testing App.app/Testing App";
			};
			name = Debug;
		};
		6A8C2EF91B270ED20029E1C6 /* Release */ = {
			isa = XCBuildConfiguration;
			buildSettings = {
				BUNDLE_LOADER = "$(TEST_HOST)";
				FRAMEWORK_SEARCH_PATHS = (
					"$(SDKROOT)/Developer/Library/Frameworks",
					"$(inherited)",
				);
				INFOPLIST_FILE = "Testing AppTests/Info.plist";
				LD_RUNPATH_SEARCH_PATHS = "$(inherited) @executable_path/Frameworks @loader_path/Frameworks";
				PRODUCT_NAME = "$(TARGET_NAME)";
				TEST_HOST = "$(BUILT_PRODUCTS_DIR)/Testing App.app/Testing App";
			};
			name = Release;
		};
/* End XCBuildConfiguration section */

/* Begin XCConfigurationList section */
		6A8C2ED01B270ED00029E1C6 /* Build configuration list for PBXProject "Testing App" */ = {
			isa = XCConfigurationList;
			buildConfigurations = (
				6A8C2EF21B270ED20029E1C6 /* Debug */,
				6A8C2EF31B270ED20029E1C6 /* Release */,
			);
			defaultConfigurationIsVisible = 0;
			defaultConfigurationName = Release;
		};
		6A8C2EF41B270ED20029E1C6 /* Build configuration list for PBXNativeTarget "Testing App" */ = {
			isa = XCConfigurationList;
			buildConfigurations = (
				6A8C2EF51B270ED20029E1C6 /* Debug */,
				6A8C2EF61B270ED20029E1C6 /* Release */,
			);
			defaultConfigurationIsVisible = 0;
			defaultConfigurationName = Release;
		};
		6A8C2EF71B270ED20029E1C6 /* Build configuration list for PBXNativeTarget "Testing AppTests" */ = {
			isa = XCConfigurationList;
			buildConfigurations = (
				6A8C2EF81B270ED20029E1C6 /* Debug */,
				6A8C2EF91B270ED20029E1C6 /* Release */,
			);
			defaultConfigurationIsVisible = 0;
			defaultConfigurationName = Release;
		};
/* End XCConfigurationList section */
	};
	rootObject = 6A8C2ECD1B270ED00029E1C6 /* Project object */;
}
